
Microsoft Visual Studio Solution File, Format Version 12.00
# Visual Studio 15
VisualStudioVersion = 15.0.28307.572
MinimumVisualStudioVersion = 10.0.40219.1
Project("{888888A0-9F3D-457C-B088-3A5042F75D52}") = "UpdateInstancesInTargetGroups", "UpdateInstancesInTargetGroups\UpdateInstancesInTargetGroups.pyproj", "{3E08F1A2-7025-46CD-AFD5-CE62D8A930D0}"
EndProject
Global
	GlobalSection(SolutionConfigurationPlatforms) = preSolution
		Debug|Any CPU = Debug|Any CPU
		Release|Any CPU = Release|Any CPU
	EndGlobalSection
	GlobalSection(ProjectConfigurationPlatforms) = postSolution
		{3E08F1A2-7025-46CD-AFD5-CE62D8A930D0}.Debug|Any CPU.ActiveCfg = Debug|Any CPU
		{3E08F1A2-7025-46CD-AFD5-CE62D8A930D0}.Release|Any CPU.ActiveCfg = Release|Any CPU
	EndGlobalSection
	GlobalSection(SolutionProperties) = preSolution
		HideSolutionNode = FALSE
	EndGlobalSection
	GlobalSection(ExtensibilityGlobals) = postSolution
		SolutionGuid = {27C6DEC9-D1ED-4BAA-96D5-17DFDFD23D1D}
	EndGlobalSection
EndGlobal
